
Microsoft Visual Studio Solution File, Format Version 12.00
# Visual Studio Version 16
VisualStudioVersion = 25.0.1706.5
MinimumVisualStudioVersion = 10.0.40219.1
Project("{2150E333-8FDC-42A3-9474-1A3956D46DE8}") = "Services", "Services", "{283E7B10-3E27-4902-AACD-1B7F9B59E533}"
EndProject
Project("{2150E333-8FDC-42A3-9474-1A3956D46DE8}") = "Catalog", "Catalog", "{ED85D5FD-4FB1-4981-BB89-91DC5890A2ED}"
EndProject
Project("{FAE04EC0-301F-11D3-BF4B-00C04F79EFBC}") = "MultiShop.Catalog", "Services\Catalog\MultiShop.Catalog\MultiShop.Catalog.csproj", "{56575B82-FF26-4608-B1D8-72C0294BA013}"
EndProject
Project("{2150E333-8FDC-42A3-9474-1A3956D46DE8}") = "Discount", "Discount", "{79635887-68B1-42ED-9CE0-6FFD33D64A57}"
EndProject
Project("{FAE04EC0-301F-11D3-BF4B-00C04F79EFBC}") = "MultiShop.Discount", "Services\Discount\MultiShop.Discount\MultiShop.Discount.csproj", "{D8DB72C0-2296-42B3-A051-0062C52F1D6C}"
EndProject
Project("{2150E333-8FDC-42A3-9474-1A3956D46DE8}") = "Order", "Order", "{EC9F8384-7C07-4E2C-820F-60B55E43C9B4}"
EndProject
Project("{2150E333-8FDC-42A3-9474-1A3956D46DE8}") = "Infrastructure", "Infrastructure", "{5E637437-66D0-4215-BDFA-95694D445E9D}"
EndProject
Project("{2150E333-8FDC-42A3-9474-1A3956D46DE8}") = "Presentation", "Presentation", "{4DBFCF3E-100F-474F-B247-1B6DB33119CB}"
EndProject
Project("{FAE04EC0-301F-11D3-BF4B-00C04F79EFBC}") = "MultiShop.Order.Persistence", "Services\Order\Infrastructure\MultiShop.Order.Persistence\MultiShop.Order.Persistence.csproj", "{66055BFD-6383-449C-A404-FD0A5D0A8330}"
EndProject
Project("{FAE04EC0-301F-11D3-BF4B-00C04F79EFBC}") = "MutliShop.Order.WebApi", "Services\Order\Presentation\MutliShop.Order.WebApi\MutliShop.Order.WebApi.csproj", "{B8FC81F1-190B-4095-B025-40723C2DE7C7}"
EndProject
Project("{2150E333-8FDC-42A3-9474-1A3956D46DE8}") = "Core", "Core", "{C3892442-A4FE-4E2C-8BC1-C8F66E287589}"
EndProject
Project("{FAE04EC0-301F-11D3-BF4B-00C04F79EFBC}") = "MultiShop.Order.Domain", "Services\Order\Core\MultiShop.Order.Domain\MultiShop.Order.Domain.csproj", "{12E35A39-9D53-46FD-B57B-146ED4AD5460}"
EndProject
Project("{FAE04EC0-301F-11D3-BF4B-00C04F79EFBC}") = "MultiShop.Order.Application", "Services\Order\Core\MultiShop.Order.Application\MultiShop.Order.Application.csproj", "{25C65138-B56D-4502-AFBA-0DC90F58EE9A}"
EndProject
Global
	GlobalSection(SolutionConfigurationPlatforms) = preSolution
		Debug|Any CPU = Debug|Any CPU
		Release|Any CPU = Release|Any CPU
	EndGlobalSection
	GlobalSection(ProjectConfigurationPlatforms) = postSolution
		{56575B82-FF26-4608-B1D8-72C0294BA013}.Debug|Any CPU.ActiveCfg = Debug|Any CPU
		{56575B82-FF26-4608-B1D8-72C0294BA013}.Debug|Any CPU.Build.0 = Debug|Any CPU
		{56575B82-FF26-4608-B1D8-72C0294BA013}.Release|Any CPU.ActiveCfg = Release|Any CPU
		{56575B82-FF26-4608-B1D8-72C0294BA013}.Release|Any CPU.Build.0 = Release|Any CPU
		{D8DB72C0-2296-42B3-A051-0062C52F1D6C}.Debug|Any CPU.ActiveCfg = Debug|Any CPU
		{D8DB72C0-2296-42B3-A051-0062C52F1D6C}.Debug|Any CPU.Build.0 = Debug|Any CPU
		{D8DB72C0-2296-42B3-A051-0062C52F1D6C}.Release|Any CPU.ActiveCfg = Release|Any CPU
		{D8DB72C0-2296-42B3-A051-0062C52F1D6C}.Release|Any CPU.Build.0 = Release|Any CPU
		{66055BFD-6383-449C-A404-FD0A5D0A8330}.Debug|Any CPU.ActiveCfg = Debug|Any CPU
		{66055BFD-6383-449C-A404-FD0A5D0A8330}.Debug|Any CPU.Build.0 = Debug|Any CPU
		{66055BFD-6383-449C-A404-FD0A5D0A8330}.Release|Any CPU.ActiveCfg = Release|Any CPU
		{66055BFD-6383-449C-A404-FD0A5D0A8330}.Release|Any CPU.Build.0 = Release|Any CPU
		{B8FC81F1-190B-4095-B025-40723C2DE7C7}.Debug|Any CPU.ActiveCfg = Debug|Any CPU
		{B8FC81F1-190B-4095-B025-40723C2DE7C7}.Debug|Any CPU.Build.0 = Debug|Any CPU
		{B8FC81F1-190B-4095-B025-40723C2DE7C7}.Release|Any CPU.ActiveCfg = Release|Any CPU
		{B8FC81F1-190B-4095-B025-40723C2DE7C7}.Release|Any CPU.Build.0 = Release|Any CPU
		{12E35A39-9D53-46FD-B57B-146ED4AD5460}.Debug|Any CPU.ActiveCfg = Debug|Any CPU
		{12E35A39-9D53-46FD-B57B-146ED4AD5460}.Debug|Any CPU.Build.0 = Debug|Any CPU
		{12E35A39-9D53-46FD-B57B-146ED4AD5460}.Release|Any CPU.ActiveCfg = Release|Any CPU
		{12E35A39-9D53-46FD-B57B-146ED4AD5460}.Release|Any CPU.Build.0 = Release|Any CPU
		{25C65138-B56D-4502-AFBA-0DC90F58EE9A}.Debug|Any CPU.ActiveCfg = Debug|Any CPU
		{25C65138-B56D-4502-AFBA-0DC90F58EE9A}.Debug|Any CPU.Build.0 = Debug|Any CPU
		{25C65138-B56D-4502-AFBA-0DC90F58EE9A}.Release|Any CPU.ActiveCfg = Release|Any CPU
		{25C65138-B56D-4502-AFBA-0DC90F58EE9A}.Release|Any CPU.Build.0 = Release|Any CPU
	EndGlobalSection
	GlobalSection(SolutionProperties) = preSolution
		HideSolutionNode = FALSE
	EndGlobalSection
	GlobalSection(ExtensibilityGlobals) = postSolution
		SolutionGuid = {9FF2D14B-5B15-40B3-AD97-78827D35E7D8}
	EndGlobalSection
	GlobalSection(NestedProjects) = preSolution
		{ED85D5FD-4FB1-4981-BB89-91DC5890A2ED} = {283E7B10-3E27-4902-AACD-1B7F9B59E533}
		{56575B82-FF26-4608-B1D8-72C0294BA013} = {ED85D5FD-4FB1-4981-BB89-91DC5890A2ED}
		{79635887-68B1-42ED-9CE0-6FFD33D64A57} = {283E7B10-3E27-4902-AACD-1B7F9B59E533}
		{D8DB72C0-2296-42B3-A051-0062C52F1D6C} = {79635887-68B1-42ED-9CE0-6FFD33D64A57}
		{EC9F8384-7C07-4E2C-820F-60B55E43C9B4} = {283E7B10-3E27-4902-AACD-1B7F9B59E533}
		{5E637437-66D0-4215-BDFA-95694D445E9D} = {EC9F8384-7C07-4E2C-820F-60B55E43C9B4}
		{4DBFCF3E-100F-474F-B247-1B6DB33119CB} = {EC9F8384-7C07-4E2C-820F-60B55E43C9B4}
		{66055BFD-6383-449C-A404-FD0A5D0A8330} = {5E637437-66D0-4215-BDFA-95694D445E9D}
		{B8FC81F1-190B-4095-B025-40723C2DE7C7} = {4DBFCF3E-100F-474F-B247-1B6DB33119CB}
		{C3892442-A4FE-4E2C-8BC1-C8F66E287589} = {EC9F8384-7C07-4E2C-820F-60B55E43C9B4}
		{12E35A39-9D53-46FD-B57B-146ED4AD5460} = {C3892442-A4FE-4E2C-8BC1-C8F66E287589}
		{25C65138-B56D-4502-AFBA-0DC90F58EE9A} = {C3892442-A4FE-4E2C-8BC1-C8F66E287589}
	EndGlobalSection
EndGlobal
